
Microsoft Visual Studio Solution File, Format Version 12.00
# Visual Studio Version 17
VisualStudioVersion = 17.4.33103.184
MinimumVisualStudioVersion = 10.0.40219.1
Project("{FAE04EC0-301F-11D3-BF4B-00C04F79EFBC}") = "LMSCore", "LMSCore\LMSCore.csproj", "{5FF82366-9368-4C18-A876-AB7AD238B8C9}"
EndProject
Global
	GlobalSection(SolutionConfigurationPlatforms) = preSolution
		Debug|Any CPU = Debug|Any CPU
		Release|Any CPU = Release|Any CPU
	EndGlobalSection
	GlobalSection(ProjectConfigurationPlatforms) = postSolution
		{5FF82366-9368-4C18-A876-AB7AD238B8C9}.Debug|Any CPU.ActiveCfg = Debug|Any CPU
		{5FF82366-9368-4C18-A876-AB7AD238B8C9}.Debug|Any CPU.Build.0 = Debug|Any CPU
		{5FF82366-9368-4C18-A876-AB7AD238B8C9}.Release|Any CPU.ActiveCfg = Release|Any CPU
		{5FF82366-9368-4C18-A876-AB7AD238B8C9}.Release|Any CPU.Build.0 = Release|Any CPU
	EndGlobalSection
	GlobalSection(SolutionProperties) = preSolution
		HideSolutionNode = FALSE
	EndGlobalSection
	GlobalSection(ExtensibilityGlobals) = postSolution
		SolutionGuid = {AC9A2FE7-62B2-4E03-B46B-375DE68A27B9}
	EndGlobalSection
EndGlobal
